// !$*UTF8*$!
{
	archiveVersion = 1;
	classes = {
	};
	objectVersion = 56;
	objects = {

/* Begin PBXBuildFile section */
		3214925D29018B9600A32EAF /* CryptoCoinsListInteractor.swift in Sources */ = {isa = PBXBuildFile; fileRef = 3214925C29018B9600A32EAF /* CryptoCoinsListInteractor.swift */; };
		3214926429018EDA00A32EAF /* CryptoCoinDetailsViewController.swift in Sources */ = {isa = PBXBuildFile; fileRef = 3214926329018EDA00A32EAF /* CryptoCoinDetailsViewController.swift */; };
		3214926C2901971E00A32EAF /* CryptoCoinsGateway.swift in Sources */ = {isa = PBXBuildFile; fileRef = 3214926B2901971E00A32EAF /* CryptoCoinsGateway.swift */; };
		32362D5D290199E900CEFE5F /* CryptoListPresenter.swift in Sources */ = {isa = PBXBuildFile; fileRef = 32362D5C290199E900CEFE5F /* CryptoListPresenter.swift */; };
		32362D6029019B5300CEFE5F /* CryptoListRouter.swift in Sources */ = {isa = PBXBuildFile; fileRef = 32362D5F29019B5300CEFE5F /* CryptoListRouter.swift */; };
		325D89022901DD9B00CAC0A5 /* CoinTableViewCell.swift in Sources */ = {isa = PBXBuildFile; fileRef = 325D89002901DD9B00CAC0A5 /* CoinTableViewCell.swift */; };
		325D89032901DD9B00CAC0A5 /* CoinTableViewCell.xib in Resources */ = {isa = PBXBuildFile; fileRef = 325D89012901DD9B00CAC0A5 /* CoinTableViewCell.xib */; };
		325F0B74290017950048E536 /* CryptoListTableViewController.swift in Sources */ = {isa = PBXBuildFile; fileRef = 325F0B73290017950048E536 /* CryptoListTableViewController.swift */; };
		325F0B91290166760048E536 /* CryptoCoin.swift in Sources */ = {isa = PBXBuildFile; fileRef = 325F0B90290166760048E536 /* CryptoCoin.swift */; };
		326AA81B28F979CE001C2AC0 /* AppDelegate.swift in Sources */ = {isa = PBXBuildFile; fileRef = 326AA81A28F979CE001C2AC0 /* AppDelegate.swift */; };
		326AA81D28F979CE001C2AC0 /* SceneDelegate.swift in Sources */ = {isa = PBXBuildFile; fileRef = 326AA81C28F979CE001C2AC0 /* SceneDelegate.swift */; };
		326AA82228F979CE001C2AC0 /* Main.storyboard in Resources */ = {isa = PBXBuildFile; fileRef = 326AA82028F979CE001C2AC0 /* Main.storyboard */; };
		326AA82428F979CF001C2AC0 /* Assets.xcassets in Resources */ = {isa = PBXBuildFile; fileRef = 326AA82328F979CF001C2AC0 /* Assets.xcassets */; };
		326AA82728F979CF001C2AC0 /* LaunchScreen.storyboard in Resources */ = {isa = PBXBuildFile; fileRef = 326AA82528F979CF001C2AC0 /* LaunchScreen.storyboard */; };
		32D6CCF62901EA7F00A40281 /* CryptoListConfigurator.swift in Sources */ = {isa = PBXBuildFile; fileRef = 32D6CCF52901EA7F00A40281 /* CryptoListConfigurator.swift */; };
/* End PBXBuildFile section */

/* Begin PBXFileReference section */
		3214925C29018B9600A32EAF /* CryptoCoinsListInteractor.swift */ = {isa = PBXFileReference; lastKnownFileType = sourcecode.swift; path = CryptoCoinsListInteractor.swift; sourceTree = "<group>"; };
		3214926329018EDA00A32EAF /* CryptoCoinDetailsViewController.swift */ = {isa = PBXFileReference; lastKnownFileType = sourcecode.swift; path = CryptoCoinDetailsViewController.swift; sourceTree = "<group>"; };
		3214926B2901971E00A32EAF /* CryptoCoinsGateway.swift */ = {isa = PBXFileReference; lastKnownFileType = sourcecode.swift; path = CryptoCoinsGateway.swift; sourceTree = "<group>"; };
		32362D5C290199E900CEFE5F /* CryptoListPresenter.swift */ = {isa = PBXFileReference; lastKnownFileType = sourcecode.swift; path = CryptoListPresenter.swift; sourceTree = "<group>"; };
		32362D5F29019B5300CEFE5F /* CryptoListRouter.swift */ = {isa = PBXFileReference; lastKnownFileType = sourcecode.swift; path = CryptoListRouter.swift; sourceTree = "<group>"; };
		325D89002901DD9B00CAC0A5 /* CoinTableViewCell.swift */ = {isa = PBXFileReference; lastKnownFileType = sourcecode.swift; path = CoinTableViewCell.swift; sourceTree = "<group>"; };
		325D89012901DD9B00CAC0A5 /* CoinTableViewCell.xib */ = {isa = PBXFileReference; lastKnownFileType = file.xib; path = CoinTableViewCell.xib; sourceTree = "<group>"; };
		325F0B73290017950048E536 /* CryptoListTableViewController.swift */ = {isa = PBXFileReference; lastKnownFileType = sourcecode.swift; path = CryptoListTableViewController.swift; sourceTree = "<group>"; };
		325F0B90290166760048E536 /* CryptoCoin.swift */ = {isa = PBXFileReference; lastKnownFileType = sourcecode.swift; path = CryptoCoin.swift; sourceTree = "<group>"; };
		326AA81728F979CE001C2AC0 /* CryptoCurrency.app */ = {isa = PBXFileReference; explicitFileType = wrapper.application; includeInIndex = 0; path = CryptoCurrency.app; sourceTree = BUILT_PRODUCTS_DIR; };
		326AA81A28F979CE001C2AC0 /* AppDelegate.swift */ = {isa = PBXFileReference; lastKnownFileType = sourcecode.swift; path = AppDelegate.swift; sourceTree = "<group>"; };
		326AA81C28F979CE001C2AC0 /* SceneDelegate.swift */ = {isa = PBXFileReference; lastKnownFileType = sourcecode.swift; path = SceneDelegate.swift; sourceTree = "<group>"; };
		326AA82128F979CE001C2AC0 /* Base */ = {isa = PBXFileReference; lastKnownFileType = file.storyboard; name = Base; path = Base.lproj/Main.storyboard; sourceTree = "<group>"; };
		326AA82328F979CF001C2AC0 /* Assets.xcassets */ = {isa = PBXFileReference; lastKnownFileType = folder.assetcatalog; path = Assets.xcassets; sourceTree = "<group>"; };
		326AA82628F979CF001C2AC0 /* Base */ = {isa = PBXFileReference; lastKnownFileType = file.storyboard; name = Base; path = Base.lproj/LaunchScreen.storyboard; sourceTree = "<group>"; };
		326AA82828F979CF001C2AC0 /* Info.plist */ = {isa = PBXFileReference; lastKnownFileType = text.plist.xml; path = Info.plist; sourceTree = "<group>"; };
		32D6CCF52901EA7F00A40281 /* CryptoListConfigurator.swift */ = {isa = PBXFileReference; lastKnownFileType = sourcecode.swift; path = CryptoListConfigurator.swift; sourceTree = "<group>"; };
/* End PBXFileReference section */

/* Begin PBXFrameworksBuildPhase section */
		326AA81428F979CE001C2AC0 /* Frameworks */ = {
			isa = PBXFrameworksBuildPhase;
			buildActionMask = 2147483647;
			files = (
			);
			runOnlyForDeploymentPostprocessing = 0;
		};
/* End PBXFrameworksBuildPhase section */

/* Begin PBXGroup section */
		321492692901965E00A32EAF /* Gateways */ = {
			isa = PBXGroup;
			children = (
				3214926B2901971E00A32EAF /* CryptoCoinsGateway.swift */,
			);
			path = Gateways;
			sourceTree = "<group>";
		};
		3214926D2901996300A32EAF /* CryptoList */ = {
			isa = PBXGroup;
			children = (
				325F0B73290017950048E536 /* CryptoListTableViewController.swift */,
				32362D5C290199E900CEFE5F /* CryptoListPresenter.swift */,
				32362D5F29019B5300CEFE5F /* CryptoListRouter.swift */,
				325D89002901DD9B00CAC0A5 /* CoinTableViewCell.swift */,
				32D6CCF52901EA7F00A40281 /* CryptoListConfigurator.swift */,
			);
			path = CryptoList;
			sourceTree = "<group>";
		};
		32362D5E29019A0000CEFE5F /* CryptoCoinDetails */ = {
			isa = PBXGroup;
			children = (
				3214926329018EDA00A32EAF /* CryptoCoinDetailsViewController.swift */,
			);
			path = CryptoCoinDetails;
			sourceTree = "<group>";
		};
		325F0B4028FEDFE90048E536 /* Storybards */ = {
			isa = PBXGroup;
			children = (
				326AA82528F979CF001C2AC0 /* LaunchScreen.storyboard */,
				326AA82028F979CE001C2AC0 /* Main.storyboard */,
			);
			path = Storybards;
			sourceTree = "<group>";
		};
		325F0B8729005A210048E536 /* Data */ = {
			isa = PBXGroup;
			children = (
			);
			path = Data;
			sourceTree = "<group>";
		};
		325F0B88290164BE0048E536 /* Core */ = {
			isa = PBXGroup;
			children = (
				321492692901965E00A32EAF /* Gateways */,
				325F0B8F2901664B0048E536 /* Entities */,
				325F0B8A290165940048E536 /* Interactors */,
			);
			path = Core;
			sourceTree = "<group>";
		};
		325F0B8A290165940048E536 /* Interactors */ = {
			isa = PBXGroup;
			children = (
				3214925C29018B9600A32EAF /* CryptoCoinsListInteractor.swift */,
			);
			path = Interactors;
			sourceTree = "<group>";
		};
		325F0B8E2901661F0048E536 /* Presentation */ = {
			isa = PBXGroup;
			children = (
				32D6CCF72901F4BF00A40281 /* xibs */,
				32362D5E29019A0000CEFE5F /* CryptoCoinDetails */,
				3214926D2901996300A32EAF /* CryptoList */,
				325F0B4028FEDFE90048E536 /* Storybards */,
			);
			path = Presentation;
			sourceTree = "<group>";
		};
		325F0B8F2901664B0048E536 /* Entities */ = {
			isa = PBXGroup;
			children = (
				325F0B90290166760048E536 /* CryptoCoin.swift */,
			);
			path = Entities;
			sourceTree = "<group>";
		};
		326AA80E28F979CE001C2AC0 = {
			isa = PBXGroup;
			children = (
				326AA81928F979CE001C2AC0 /* CryptoCurrency */,
				326AA81828F979CE001C2AC0 /* Products */,
			);
			sourceTree = "<group>";
		};
		326AA81828F979CE001C2AC0 /* Products */ = {
			isa = PBXGroup;
			children = (
				326AA81728F979CE001C2AC0 /* CryptoCurrency.app */,
			);
			name = Products;
			sourceTree = "<group>";
		};
		326AA81928F979CE001C2AC0 /* CryptoCurrency */ = {
			isa = PBXGroup;
			children = (
				325F0B8E2901661F0048E536 /* Presentation */,
				325F0B88290164BE0048E536 /* Core */,
				325F0B8729005A210048E536 /* Data */,
				326AA81A28F979CE001C2AC0 /* AppDelegate.swift */,
				326AA81C28F979CE001C2AC0 /* SceneDelegate.swift */,
				326AA82328F979CF001C2AC0 /* Assets.xcassets */,
				326AA82828F979CF001C2AC0 /* Info.plist */,
			);
			path = CryptoCurrency;
			sourceTree = "<group>";
		};
		32D6CCF72901F4BF00A40281 /* xibs */ = {
			isa = PBXGroup;
			children = (
				325D89012901DD9B00CAC0A5 /* CoinTableViewCell.xib */,
			);
			path = xibs;
			sourceTree = "<group>";
		};
/* End PBXGroup section */

/* Begin PBXNativeTarget section */
		326AA81628F979CE001C2AC0 /* CryptoCurrency */ = {
			isa = PBXNativeTarget;
			buildConfigurationList = 326AA82B28F979CF001C2AC0 /* Build configuration list for PBXNativeTarget "CryptoCurrency" */;
			buildPhases = (
				326AA81328F979CE001C2AC0 /* Sources */,
				326AA81428F979CE001C2AC0 /* Frameworks */,
				326AA81528F979CE001C2AC0 /* Resources */,
			);
			buildRules = (
			);
			dependencies = (
			);
			name = CryptoCurrency;
			productName = CryptoCurrency;
			productReference = 326AA81728F979CE001C2AC0 /* CryptoCurrency.app */;
			productType = "com.apple.product-type.application";
		};
/* End PBXNativeTarget section */

/* Begin PBXProject section */
		326AA80F28F979CE001C2AC0 /* Project object */ = {
			isa = PBXProject;
			attributes = {
				BuildIndependentTargetsInParallel = 1;
				LastSwiftUpdateCheck = 1400;
				LastUpgradeCheck = 1400;
				TargetAttributes = {
					326AA81628F979CE001C2AC0 = {
						CreatedOnToolsVersion = 14.0.1;
					};
				};
			};
			buildConfigurationList = 326AA81228F979CE001C2AC0 /* Build configuration list for PBXProject "CryptoCurrency" */;
			compatibilityVersion = "Xcode 14.0";
			developmentRegion = en;
			hasScannedForEncodings = 0;
			knownRegions = (
				en,
				Base,
			);
			mainGroup = 326AA80E28F979CE001C2AC0;
			productRefGroup = 326AA81828F979CE001C2AC0 /* Products */;
			projectDirPath = "";
			projectRoot = "";
			targets = (
				326AA81628F979CE001C2AC0 /* CryptoCurrency */,
			);
		};
/* End PBXProject section */

/* Begin PBXResourcesBuildPhase section */
		326AA81528F979CE001C2AC0 /* Resources */ = {
			isa = PBXResourcesBuildPhase;
			buildActionMask = 2147483647;
			files = (
				326AA82728F979CF001C2AC0 /* LaunchScreen.storyboard in Resources */,
				326AA82428F979CF001C2AC0 /* Assets.xcassets in Resources */,
				325D89032901DD9B00CAC0A5 /* CoinTableViewCell.xib in Resources */,
				326AA82228F979CE001C2AC0 /* Main.storyboard in Resources */,
			);
			runOnlyForDeploymentPostprocessing = 0;
		};
/* End PBXResourcesBuildPhase section */

/* Begin PBXSourcesBuildPhase section */
		326AA81328F979CE001C2AC0 /* Sources */ = {
			isa = PBXSourcesBuildPhase;
			buildActionMask = 2147483647;
			files = (
				325D89022901DD9B00CAC0A5 /* CoinTableViewCell.swift in Sources */,
				3214926429018EDA00A32EAF /* CryptoCoinDetailsViewController.swift in Sources */,
				3214925D29018B9600A32EAF /* CryptoCoinsListInteractor.swift in Sources */,
				326AA81B28F979CE001C2AC0 /* AppDelegate.swift in Sources */,
				32362D5D290199E900CEFE5F /* CryptoListPresenter.swift in Sources */,
				3214926C2901971E00A32EAF /* CryptoCoinsGateway.swift in Sources */,
				326AA81D28F979CE001C2AC0 /* SceneDelegate.swift in Sources */,
				325F0B74290017950048E536 /* CryptoListTableViewController.swift in Sources */,
				32362D6029019B5300CEFE5F /* CryptoListRouter.swift in Sources */,
				325F0B91290166760048E536 /* CryptoCoin.swift in Sources */,
				32D6CCF62901EA7F00A40281 /* CryptoListConfigurator.swift in Sources */,
			);
			runOnlyForDeploymentPostprocessing = 0;
		};
/* End PBXSourcesBuildPhase section */

/* Begin PBXVariantGroup section */
		326AA82028F979CE001C2AC0 /* Main.storyboard */ = {
			isa = PBXVariantGroup;
			children = (
				326AA82128F979CE001C2AC0 /* Base */,
			);
			name = Main.storyboard;
			sourceTree = "<group>";
		};
		326AA82528F979CF001C2AC0 /* LaunchScreen.storyboard */ = {
			isa = PBXVariantGroup;
			children = (
				326AA82628F979CF001C2AC0 /* Base */,
			);
			name = LaunchScreen.storyboard;
			sourceTree = "<group>";
		};
/* End PBXVariantGroup section */

/* Begin XCBuildConfiguration section */
		326AA82928F979CF001C2AC0 /* Debug */ = {
			isa = XCBuildConfiguration;
			buildSettings = {
				ALWAYS_SEARCH_USER_PATHS = NO;
				CLANG_ANALYZER_NONNULL = YES;
				CLANG_ANALYZER_NUMBER_OBJECT_CONVERSION = YES_AGGRESSIVE;
				CLANG_CXX_LANGUAGE_STANDARD = "gnu++20";
				CLANG_ENABLE_MODULES = YES;
				CLANG_ENABLE_OBJC_ARC = YES;
				CLANG_ENABLE_OBJC_WEAK = YES;
				CLANG_WARN_BLOCK_CAPTURE_AUTORELEASING = YES;
				CLANG_WARN_BOOL_CONVERSION = YES;
				CLANG_WARN_COMMA = YES;
				CLANG_WARN_CONSTANT_CONVERSION = YES;
				CLANG_WARN_DEPRECATED_OBJC_IMPLEMENTATIONS = YES;
				CLANG_WARN_DIRECT_OBJC_ISA_USAGE = YES_ERROR;
				CLANG_WARN_DOCUMENTATION_COMMENTS = YES;
				CLANG_WARN_EMPTY_BODY = YES;
				CLANG_WARN_ENUM_CONVERSION = YES;
				CLANG_WARN_INFINITE_RECURSION = YES;
				CLANG_WARN_INT_CONVERSION = YES;
				CLANG_WARN_NON_LITERAL_NULL_CONVERSION = YES;
				CLANG_WARN_OBJC_IMPLICIT_RETAIN_SELF = YES;
				CLANG_WARN_OBJC_LITERAL_CONVERSION = YES;
				CLANG_WARN_OBJC_ROOT_CLASS = YES_ERROR;
				CLANG_WARN_QUOTED_INCLUDE_IN_FRAMEWORK_HEADER = YES;
				CLANG_WARN_RANGE_LOOP_ANALYSIS = YES;
				CLANG_WARN_STRICT_PROTOTYPES = YES;
				CLANG_WARN_SUSPICIOUS_MOVE = YES;
				CLANG_WARN_UNGUARDED_AVAILABILITY = YES_AGGRESSIVE;
				CLANG_WARN_UNREACHABLE_CODE = YES;
				CLANG_WARN__DUPLICATE_METHOD_MATCH = YES;
				COPY_PHASE_STRIP = NO;
				DEBUG_INFORMATION_FORMAT = dwarf;
				ENABLE_STRICT_OBJC_MSGSEND = YES;
				ENABLE_TESTABILITY = YES;
				GCC_C_LANGUAGE_STANDARD = gnu11;
				GCC_DYNAMIC_NO_PIC = NO;
				GCC_NO_COMMON_BLOCKS = YES;
				GCC_OPTIMIZATION_LEVEL = 0;
				GCC_PREPROCESSOR_DEFINITIONS = (
					"DEBUG=1",
					"$(inherited)",
				);
				GCC_WARN_64_TO_32_BIT_CONVERSION = YES;
				GCC_WARN_ABOUT_RETURN_TYPE = YES_ERROR;
				GCC_WARN_UNDECLARED_SELECTOR = YES;
				GCC_WARN_UNINITIALIZED_AUTOS = YES_AGGRESSIVE;
				GCC_WARN_UNUSED_FUNCTION = YES;
				GCC_WARN_UNUSED_VARIABLE = YES;
				IPHONEOS_DEPLOYMENT_TARGET = 16.0;
				MTL_ENABLE_DEBUG_INFO = INCLUDE_SOURCE;
				MTL_FAST_MATH = YES;
				ONLY_ACTIVE_ARCH = YES;
				SDKROOT = iphoneos;
				SWIFT_ACTIVE_COMPILATION_CONDITIONS = DEBUG;
				SWIFT_OPTIMIZATION_LEVEL = "-Onone";
			};
			name = Debug;
		};
		326AA82A28F979CF001C2AC0 /* Release */ = {
			isa = XCBuildConfiguration;
			buildSettings = {
				ALWAYS_SEARCH_USER_PATHS = NO;
				CLANG_ANALYZER_NONNULL = YES;
				CLANG_ANALYZER_NUMBER_OBJECT_CONVERSION = YES_AGGRESSIVE;
				CLANG_CXX_LANGUAGE_STANDARD = "gnu++20";
				CLANG_ENABLE_MODULES = YES;
				CLANG_ENABLE_OBJC_ARC = YES;
				CLANG_ENABLE_OBJC_WEAK = YES;
				CLANG_WARN_BLOCK_CAPTURE_AUTORELEASING = YES;
				CLANG_WARN_BOOL_CONVERSION = YES;
				CLANG_WARN_COMMA = YES;
				CLANG_WARN_CONSTANT_CONVERSION = YES;
				CLANG_WARN_DEPRECATED_OBJC_IMPLEMENTATIONS = YES;
				CLANG_WARN_DIRECT_OBJC_ISA_USAGE = YES_ERROR;
				CLANG_WARN_DOCUMENTATION_COMMENTS = YES;
				CLANG_WARN_EMPTY_BODY = YES;
				CLANG_WARN_ENUM_CONVERSION = YES;
				CLANG_WARN_INFINITE_RECURSION = YES;
				CLANG_WARN_INT_CONVERSION = YES;
				CLANG_WARN_NON_LITERAL_NULL_CONVERSION = YES;
				CLANG_WARN_OBJC_IMPLICIT_RETAIN_SELF = YES;
				CLANG_WARN_OBJC_LITERAL_CONVERSION = YES;
				CLANG_WARN_OBJC_ROOT_CLASS = YES_ERROR;
				CLANG_WARN_QUOTED_INCLUDE_IN_FRAMEWORK_HEADER = YES;
				CLANG_WARN_RANGE_LOOP_ANALYSIS = YES;
				CLANG_WARN_STRICT_PROTOTYPES = YES;
				CLANG_WARN_SUSPICIOUS_MOVE = YES;
				CLANG_WARN_UNGUARDED_AVAILABILITY = YES_AGGRESSIVE;
				CLANG_WARN_UNREACHABLE_CODE = YES;
				CLANG_WARN__DUPLICATE_METHOD_MATCH = YES;
				COPY_PHASE_STRIP = NO;
				DEBUG_INFORMATION_FORMAT = "dwarf-with-dsym";
				ENABLE_NS_ASSERTIONS = NO;
				ENABLE_STRICT_OBJC_MSGSEND = YES;
				GCC_C_LANGUAGE_STANDARD = gnu11;
				GCC_NO_COMMON_BLOCKS = YES;
				GCC_WARN_64_TO_32_BIT_CONVERSION = YES;
				GCC_WARN_ABOUT_RETURN_TYPE = YES_ERROR;
				GCC_WARN_UNDECLARED_SELECTOR = YES;
				GCC_WARN_UNINITIALIZED_AUTOS = YES_AGGRESSIVE;
				GCC_WARN_UNUSED_FUNCTION = YES;
				GCC_WARN_UNUSED_VARIABLE = YES;
				IPHONEOS_DEPLOYMENT_TARGET = 16.0;
				MTL_ENABLE_DEBUG_INFO = NO;
				MTL_FAST_MATH = YES;
				SDKROOT = iphoneos;
				SWIFT_COMPILATION_MODE = wholemodule;
				SWIFT_OPTIMIZATION_LEVEL = "-O";
				VALIDATE_PRODUCT = YES;
			};
			name = Release;
		};
		326AA82C28F979CF001C2AC0 /* Debug */ = {
			isa = XCBuildConfiguration;
			buildSettings = {
				ASSETCATALOG_COMPILER_APPICON_NAME = AppIcon;
				ASSETCATALOG_COMPILER_GLOBAL_ACCENT_COLOR_NAME = AccentColor;
				CODE_SIGN_STYLE = Automatic;
				CURRENT_PROJECT_VERSION = 1;
				DEVELOPMENT_TEAM = K52ZJY2M9Y;
				GENERATE_INFOPLIST_FILE = YES;
				INFOPLIST_FILE = CryptoCurrency/Info.plist;
				INFOPLIST_KEY_UIApplicationSupportsIndirectInputEvents = YES;
				INFOPLIST_KEY_UILaunchStoryboardName = LaunchScreen;
				INFOPLIST_KEY_UIMainStoryboardFile = Main;
				INFOPLIST_KEY_UISupportedInterfaceOrientations_iPad = "UIInterfaceOrientationPortrait UIInterfaceOrientationPortraitUpsideDown UIInterfaceOrientationLandscapeLeft UIInterfaceOrientationLandscapeRight";
				INFOPLIST_KEY_UISupportedInterfaceOrientations_iPhone = "UIInterfaceOrientationPortrait UIInterfaceOrientationLandscapeLeft UIInterfaceOrientationLandscapeRight";
				IPHONEOS_DEPLOYMENT_TARGET = 15.0;
				LD_RUNPATH_SEARCH_PATHS = (
					"$(inherited)",
					"@executable_path/Frameworks",
				);
				MARKETING_VERSION = 1.0;
				PRODUCT_BUNDLE_IDENTIFIER = com.tinkldeath.CryptoCurrency;
				PRODUCT_NAME = "$(TARGET_NAME)";
				SUPPORTED_PLATFORMS = "iphoneos iphonesimulator";
				SUPPORTS_MACCATALYST = NO;
				SUPPORTS_MAC_DESIGNED_FOR_IPHONE_IPAD = NO;
				SWIFT_EMIT_LOC_STRINGS = YES;
				SWIFT_VERSION = 5.0;
				TARGETED_DEVICE_FAMILY = 1;
			};
			name = Debug;
		};
		326AA82D28F979CF001C2AC0 /* Release */ = {
			isa = XCBuildConfiguration;
			buildSettings = {
				ASSETCATALOG_COMPILER_APPICON_NAME = AppIcon;
				ASSETCATALOG_COMPILER_GLOBAL_ACCENT_COLOR_NAME = AccentColor;
				CODE_SIGN_STYLE = Automatic;
				CURRENT_PROJECT_VERSION = 1;
				DEVELOPMENT_TEAM = K52ZJY2M9Y;
				GENERATE_INFOPLIST_FILE = YES;
				INFOPLIST_FILE = CryptoCurrency/Info.plist;
				INFOPLIST_KEY_UIApplicationSupportsIndirectInputEvents = YES;
				INFOPLIST_KEY_UILaunchStoryboardName = LaunchScreen;
				INFOPLIST_KEY_UIMainStoryboardFile = Main;
				INFOPLIST_KEY_UISupportedInterfaceOrientations_iPad = "UIInterfaceOrientationPortrait UIInterfaceOrientationPortraitUpsideDown UIInterfaceOrientationLandscapeLeft UIInterfaceOrientationLandscapeRight";
				INFOPLIST_KEY_UISupportedInterfaceOrientations_iPhone = "UIInterfaceOrientationPortrait UIInterfaceOrientationLandscapeLeft UIInterfaceOrientationLandscapeRight";
				IPHONEOS_DEPLOYMENT_TARGET = 15.0;
				LD_RUNPATH_SEARCH_PATHS = (
					"$(inherited)",
					"@executable_path/Frameworks",
				);
				MARKETING_VERSION = 1.0;
				PRODUCT_BUNDLE_IDENTIFIER = com.tinkldeath.CryptoCurrency;
				PRODUCT_NAME = "$(TARGET_NAME)";
				SUPPORTED_PLATFORMS = "iphoneos iphonesimulator";
				SUPPORTS_MACCATALYST = NO;
				SUPPORTS_MAC_DESIGNED_FOR_IPHONE_IPAD = NO;
				SWIFT_EMIT_LOC_STRINGS = YES;
				SWIFT_VERSION = 5.0;
				TARGETED_DEVICE_FAMILY = 1;
			};
			name = Release;
		};
/* End XCBuildConfiguration section */

/* Begin XCConfigurationList section */
		326AA81228F979CE001C2AC0 /* Build configuration list for PBXProject "CryptoCurrency" */ = {
			isa = XCConfigurationList;
			buildConfigurations = (
				326AA82928F979CF001C2AC0 /* Debug */,
				326AA82A28F979CF001C2AC0 /* Release */,
			);
			defaultConfigurationIsVisible = 0;
			defaultConfigurationName = Release;
		};
		326AA82B28F979CF001C2AC0 /* Build configuration list for PBXNativeTarget "CryptoCurrency" */ = {
			isa = XCConfigurationList;
			buildConfigurations = (
				326AA82C28F979CF001C2AC0 /* Debug */,
				326AA82D28F979CF001C2AC0 /* Release */,
			);
			defaultConfigurationIsVisible = 0;
			defaultConfigurationName = Release;
		};
/* End XCConfigurationList section */
	};
	rootObject = 326AA80F28F979CE001C2AC0 /* Project object */;
}
